// !$*UTF8*$!
{
	archiveVersion = 1;
	classes = {
	};
	objectVersion = 56;
	objects = {

/* Begin PBXBuildFile section */
		015626862983CF2E00D038D4 /* UIColor+Extension.swift in Sources */ = {isa = PBXBuildFile; fileRef = 015626852983CF2E00D038D4 /* UIColor+Extension.swift */; };
		015626882983CF3500D038D4 /* InsetTextField.swift in Sources */ = {isa = PBXBuildFile; fileRef = 015626872983CF3500D038D4 /* InsetTextField.swift */; };
		0156268C2983CF4600D038D4 /* TapBarViewController.swift in Sources */ = {isa = PBXBuildFile; fileRef = 0156268B2983CF4600D038D4 /* TapBarViewController.swift */; };
		015626982983D81B00D038D4 /* MainViewController.swift in Sources */ = {isa = PBXBuildFile; fileRef = 015626972983D81B00D038D4 /* MainViewController.swift */; };
		0156269C2983D87C00D038D4 /* bottomView.swift in Sources */ = {isa = PBXBuildFile; fileRef = 0156269B2983D87C00D038D4 /* bottomView.swift */; };
		015626A02983D8C800D038D4 /* customcafeView.swift in Sources */ = {isa = PBXBuildFile; fileRef = 0156269F2983D8C800D038D4 /* customcafeView.swift */; };
		015626AB2983D9BC00D038D4 /* UITextField+Extenstion.swift in Sources */ = {isa = PBXBuildFile; fileRef = 015626AA2983D9BC00D038D4 /* UITextField+Extenstion.swift */; };
		015626AD2983D9DB00D038D4 /* topView.swift in Sources */ = {isa = PBXBuildFile; fileRef = 015626AC2983D9DB00D038D4 /* topView.swift */; };
		015626CE2985114300D038D4 /* FavoritesViewController.swift in Sources */ = {isa = PBXBuildFile; fileRef = 015626CD2985114300D038D4 /* FavoritesViewController.swift */; };
		0156271F2992650C00D038D4 /* NetworkResult.swift in Sources */ = {isa = PBXBuildFile; fileRef = 015627172992650C00D038D4 /* NetworkResult.swift */; };
		015627262992650C00D038D4 /* APIContants.swift in Sources */ = {isa = PBXBuildFile; fileRef = 0156271E2992650C00D038D4 /* APIContants.swift */; };
		0A976B35029DA9F11F70CF8B /* Pods_CaZaIt_iOS.framework in Frameworks */ = {isa = PBXBuildFile; fileRef = 182DFCFAE6CBE4803434AB33 /* Pods_CaZaIt_iOS.framework */; };
		7A5BC92229EA87F000BBC3B3 /* collectionviewCell.swift in Sources */ = {isa = PBXBuildFile; fileRef = 7A5BC92129EA87F000BBC3B3 /* collectionviewCell.swift */; };
		7A5BC92429EA880300BBC3B3 /* LastestViewController.swift in Sources */ = {isa = PBXBuildFile; fileRef = 7A5BC92329EA880300BBC3B3 /* LastestViewController.swift */; };
		7A5BC92629EA882100BBC3B3 /* LastestcustomCafeView.swift in Sources */ = {isa = PBXBuildFile; fileRef = 7A5BC92529EA882100BBC3B3 /* LastestcustomCafeView.swift */; };
		7A61C8872983B6DF00427E74 /* AppDelegate.swift in Sources */ = {isa = PBXBuildFile; fileRef = 7A61C8862983B6DF00427E74 /* AppDelegate.swift */; };
		7A61C8892983B6DF00427E74 /* SceneDelegate.swift in Sources */ = {isa = PBXBuildFile; fileRef = 7A61C8882983B6DF00427E74 /* SceneDelegate.swift */; };
		7A61C8902983B6E000427E74 /* Assets.xcassets in Resources */ = {isa = PBXBuildFile; fileRef = 7A61C88F2983B6E000427E74 /* Assets.xcassets */; };
		7A61C8932983B6E000427E74 /* LaunchScreen.storyboard in Resources */ = {isa = PBXBuildFile; fileRef = 7A61C8912983B6E000427E74 /* LaunchScreen.storyboard */; };
		7AF4349229890C320057EE52 /* favoritesTopView.swift in Sources */ = {isa = PBXBuildFile; fileRef = 7AF4349129890C320057EE52 /* favoritesTopView.swift */; };
		7AF4349429890C4E0057EE52 /* favoritesBottomView.swift in Sources */ = {isa = PBXBuildFile; fileRef = 7AF4349329890C4E0057EE52 /* favoritesBottomView.swift */; };
		7AF4349629890C5E0057EE52 /* favoritesCustomCafeView.swift in Sources */ = {isa = PBXBuildFile; fileRef = 7AF4349529890C5E0057EE52 /* favoritesCustomCafeView.swift */; };
/* End PBXBuildFile section */

/* Begin PBXFileReference section */
		015626852983CF2E00D038D4 /* UIColor+Extension.swift */ = {isa = PBXFileReference; fileEncoding = 4; lastKnownFileType = sourcecode.swift; path = "UIColor+Extension.swift"; sourceTree = "<group>"; };
		015626872983CF3500D038D4 /* InsetTextField.swift */ = {isa = PBXFileReference; fileEncoding = 4; lastKnownFileType = sourcecode.swift; path = InsetTextField.swift; sourceTree = "<group>"; };
		0156268B2983CF4600D038D4 /* TapBarViewController.swift */ = {isa = PBXFileReference; fileEncoding = 4; lastKnownFileType = sourcecode.swift; path = TapBarViewController.swift; sourceTree = "<group>"; };
		015626972983D81B00D038D4 /* MainViewController.swift */ = {isa = PBXFileReference; lastKnownFileType = sourcecode.swift; path = MainViewController.swift; sourceTree = "<group>"; };
		0156269B2983D87C00D038D4 /* bottomView.swift */ = {isa = PBXFileReference; lastKnownFileType = sourcecode.swift; path = bottomView.swift; sourceTree = "<group>"; };
		0156269F2983D8C800D038D4 /* customcafeView.swift */ = {isa = PBXFileReference; lastKnownFileType = sourcecode.swift; path = customcafeView.swift; sourceTree = "<group>"; };
		015626AA2983D9BC00D038D4 /* UITextField+Extenstion.swift */ = {isa = PBXFileReference; lastKnownFileType = sourcecode.swift; path = "UITextField+Extenstion.swift"; sourceTree = "<group>"; };
		015626AC2983D9DB00D038D4 /* topView.swift */ = {isa = PBXFileReference; lastKnownFileType = sourcecode.swift; path = topView.swift; sourceTree = "<group>"; };
		015626CD2985114300D038D4 /* FavoritesViewController.swift */ = {isa = PBXFileReference; lastKnownFileType = sourcecode.swift; path = FavoritesViewController.swift; sourceTree = "<group>"; };
		015627172992650C00D038D4 /* NetworkResult.swift */ = {isa = PBXFileReference; fileEncoding = 4; lastKnownFileType = sourcecode.swift; path = NetworkResult.swift; sourceTree = "<group>"; };
		0156271E2992650C00D038D4 /* APIContants.swift */ = {isa = PBXFileReference; fileEncoding = 4; lastKnownFileType = sourcecode.swift; path = APIContants.swift; sourceTree = "<group>"; };
		182DFCFAE6CBE4803434AB33 /* Pods_CaZaIt_iOS.framework */ = {isa = PBXFileReference; explicitFileType = wrapper.framework; includeInIndex = 0; path = Pods_CaZaIt_iOS.framework; sourceTree = BUILT_PRODUCTS_DIR; };
		197D9EBB48678D619D0ACF46 /* Pods-CaZaIt_iOS.debug.xcconfig */ = {isa = PBXFileReference; includeInIndex = 1; lastKnownFileType = text.xcconfig; name = "Pods-CaZaIt_iOS.debug.xcconfig"; path = "Target Support Files/Pods-CaZaIt_iOS/Pods-CaZaIt_iOS.debug.xcconfig"; sourceTree = "<group>"; };
		7A5BC92129EA87F000BBC3B3 /* collectionviewCell.swift */ = {isa = PBXFileReference; lastKnownFileType = sourcecode.swift; path = collectionviewCell.swift; sourceTree = "<group>"; };
		7A5BC92329EA880300BBC3B3 /* LastestViewController.swift */ = {isa = PBXFileReference; lastKnownFileType = sourcecode.swift; path = LastestViewController.swift; sourceTree = "<group>"; };
		7A5BC92529EA882100BBC3B3 /* LastestcustomCafeView.swift */ = {isa = PBXFileReference; lastKnownFileType = sourcecode.swift; path = LastestcustomCafeView.swift; sourceTree = "<group>"; };
		7A61C8832983B6DF00427E74 /* CaZaIt_iOS.app */ = {isa = PBXFileReference; explicitFileType = wrapper.application; includeInIndex = 0; path = CaZaIt_iOS.app; sourceTree = BUILT_PRODUCTS_DIR; };
		7A61C8862983B6DF00427E74 /* AppDelegate.swift */ = {isa = PBXFileReference; lastKnownFileType = sourcecode.swift; path = AppDelegate.swift; sourceTree = "<group>"; };
		7A61C8882983B6DF00427E74 /* SceneDelegate.swift */ = {isa = PBXFileReference; lastKnownFileType = sourcecode.swift; path = SceneDelegate.swift; sourceTree = "<group>"; };
		7A61C88F2983B6E000427E74 /* Assets.xcassets */ = {isa = PBXFileReference; lastKnownFileType = folder.assetcatalog; path = Assets.xcassets; sourceTree = "<group>"; };
		7A61C8922983B6E000427E74 /* Base */ = {isa = PBXFileReference; lastKnownFileType = file.storyboard; name = Base; path = Base.lproj/LaunchScreen.storyboard; sourceTree = "<group>"; };
		7A61C8942983B6E000427E74 /* Info.plist */ = {isa = PBXFileReference; lastKnownFileType = text.plist.xml; path = Info.plist; sourceTree = "<group>"; };
		7AF4349129890C320057EE52 /* favoritesTopView.swift */ = {isa = PBXFileReference; lastKnownFileType = sourcecode.swift; path = favoritesTopView.swift; sourceTree = "<group>"; };
		7AF4349329890C4E0057EE52 /* favoritesBottomView.swift */ = {isa = PBXFileReference; lastKnownFileType = sourcecode.swift; path = favoritesBottomView.swift; sourceTree = "<group>"; };
		7AF4349529890C5E0057EE52 /* favoritesCustomCafeView.swift */ = {isa = PBXFileReference; lastKnownFileType = sourcecode.swift; path = favoritesCustomCafeView.swift; sourceTree = "<group>"; };
		B428245C2032238792CB2EF4 /* Pods-CaZaIt_iOS.release.xcconfig */ = {isa = PBXFileReference; includeInIndex = 1; lastKnownFileType = text.xcconfig; name = "Pods-CaZaIt_iOS.release.xcconfig"; path = "Target Support Files/Pods-CaZaIt_iOS/Pods-CaZaIt_iOS.release.xcconfig"; sourceTree = "<group>"; };
/* End PBXFileReference section */

/* Begin PBXFrameworksBuildPhase section */
		7A61C8802983B6DF00427E74 /* Frameworks */ = {
			isa = PBXFrameworksBuildPhase;
			buildActionMask = 2147483647;
			files = (
				0A976B35029DA9F11F70CF8B /* Pods_CaZaIt_iOS.framework in Frameworks */,
			);
			runOnlyForDeploymentPostprocessing = 0;
		};
/* End PBXFrameworksBuildPhase section */

/* Begin PBXGroup section */
		015626AE2983E47400D038D4 /* Extension */ = {
			isa = PBXGroup;
			children = (
				015626872983CF3500D038D4 /* InsetTextField.swift */,
				015626AA2983D9BC00D038D4 /* UITextField+Extenstion.swift */,
				015626852983CF2E00D038D4 /* UIColor+Extension.swift */,
			);
			path = Extension;
			sourceTree = "<group>";
		};
		015626AF2983E49C00D038D4 /* View */ = {
			isa = PBXGroup;
			children = (
				015626B02983E4C900D038D4 /* Main */,
				7A5BC92029EA87C700BBC3B3 /* Lastest */,
				015627152992641C00D038D4 /* Favorites */,
				015627122992637800D038D4 /* TabBar */,
			);
			path = View;
			sourceTree = "<group>";
		};
		015626B02983E4C900D038D4 /* Main */ = {
			isa = PBXGroup;
			children = (
				015626972983D81B00D038D4 /* MainViewController.swift */,
				015626AC2983D9DB00D038D4 /* topView.swift */,
				0156269B2983D87C00D038D4 /* bottomView.swift */,
				0156269F2983D8C800D038D4 /* customcafeView.swift */,
			);
			path = Main;
			sourceTree = "<group>";
		};
		015627122992637800D038D4 /* TabBar */ = {
			isa = PBXGroup;
			children = (
				0156268B2983CF4600D038D4 /* TapBarViewController.swift */,
			);
			path = TabBar;
			sourceTree = "<group>";
		};
		015627152992641C00D038D4 /* Favorites */ = {
			isa = PBXGroup;
			children = (
				015627162992649400D038D4 /* Favorites_Cell */,
				015626CD2985114300D038D4 /* FavoritesViewController.swift */,
				7AF4349129890C320057EE52 /* favoritesTopView.swift */,
				7AF4349329890C4E0057EE52 /* favoritesBottomView.swift */,
			);
			path = Favorites;
			sourceTree = "<group>";
		};
		015627162992649400D038D4 /* Favorites_Cell */ = {
			isa = PBXGroup;
			children = (
				7AF4349529890C5E0057EE52 /* favoritesCustomCafeView.swift */,
			);
			path = Favorites_Cell;
			sourceTree = "<group>";
		};
		015627272992676C00D038D4 /* APIServices */ = {
			isa = PBXGroup;
			children = (
				0156271E2992650C00D038D4 /* APIContants.swift */,
				015627172992650C00D038D4 /* NetworkResult.swift */,
			);
			path = APIServices;
			sourceTree = "<group>";
		};
		0156272A2992681F00D038D4 /* Models */ = {
			isa = PBXGroup;
			children = (
			);
			path = Models;
			sourceTree = "<group>";
		};
		03574F20EFF34FBE2C5E9020 /* Pods */ = {
			isa = PBXGroup;
			children = (
				197D9EBB48678D619D0ACF46 /* Pods-CaZaIt_iOS.debug.xcconfig */,
				B428245C2032238792CB2EF4 /* Pods-CaZaIt_iOS.release.xcconfig */,
			);
			path = Pods;
			sourceTree = "<group>";
		};
		7A5BC92029EA87C700BBC3B3 /* Lastest */ = {
			isa = PBXGroup;
			children = (
				7A5BC92129EA87F000BBC3B3 /* collectionviewCell.swift */,
				7A5BC92329EA880300BBC3B3 /* LastestViewController.swift */,
				7A5BC92529EA882100BBC3B3 /* LastestcustomCafeView.swift */,
			);
			path = Lastest;
			sourceTree = "<group>";
		};
		7A61C87A2983B6DF00427E74 = {
			isa = PBXGroup;
			children = (
				7A61C8852983B6DF00427E74 /* CaZaIt_iOS */,
				7A61C8842983B6DF00427E74 /* Products */,
				03574F20EFF34FBE2C5E9020 /* Pods */,
				9D4F54A373165C366ED27A26 /* Frameworks */,
			);
			sourceTree = "<group>";
		};
		7A61C8842983B6DF00427E74 /* Products */ = {
			isa = PBXGroup;
			children = (
				7A61C8832983B6DF00427E74 /* CaZaIt_iOS.app */,
			);
			name = Products;
			sourceTree = "<group>";
		};
		7A61C8852983B6DF00427E74 /* CaZaIt_iOS */ = {
			isa = PBXGroup;
			children = (
				0156272A2992681F00D038D4 /* Models */,
				015627272992676C00D038D4 /* APIServices */,
				015626AF2983E49C00D038D4 /* View */,
				015626AE2983E47400D038D4 /* Extension */,
				7A61C8862983B6DF00427E74 /* AppDelegate.swift */,
				7A61C8882983B6DF00427E74 /* SceneDelegate.swift */,
				7A61C88F2983B6E000427E74 /* Assets.xcassets */,
				7A61C8912983B6E000427E74 /* LaunchScreen.storyboard */,
				7A61C8942983B6E000427E74 /* Info.plist */,
			);
			path = CaZaIt_iOS;
			sourceTree = "<group>";
		};
		9D4F54A373165C366ED27A26 /* Frameworks */ = {
			isa = PBXGroup;
			children = (
				182DFCFAE6CBE4803434AB33 /* Pods_CaZaIt_iOS.framework */,
			);
			name = Frameworks;
			sourceTree = "<group>";
		};
/* End PBXGroup section */

/* Begin PBXNativeTarget section */
		7A61C8822983B6DF00427E74 /* CaZaIt_iOS */ = {
			isa = PBXNativeTarget;
			buildConfigurationList = 7A61C8972983B6E000427E74 /* Build configuration list for PBXNativeTarget "CaZaIt_iOS" */;
			buildPhases = (
				1A4B9C1E5664C879A6157A71 /* [CP] Check Pods Manifest.lock */,
				7A61C87F2983B6DF00427E74 /* Sources */,
				7A61C8802983B6DF00427E74 /* Frameworks */,
				7A61C8812983B6DF00427E74 /* Resources */,
				55444409528979495BDE8403 /* [CP] Embed Pods Frameworks */,
			);
			buildRules = (
			);
			dependencies = (
			);
			name = CaZaIt_iOS;
			productName = CaZaIt_iOS;
			productReference = 7A61C8832983B6DF00427E74 /* CaZaIt_iOS.app */;
			productType = "com.apple.product-type.application";
		};
/* End PBXNativeTarget section */

/* Begin PBXProject section */
		7A61C87B2983B6DF00427E74 /* Project object */ = {
			isa = PBXProject;
			attributes = {
				BuildIndependentTargetsInParallel = 1;
				LastSwiftUpdateCheck = 1420;
				LastUpgradeCheck = 1420;
				TargetAttributes = {
					7A61C8822983B6DF00427E74 = {
						CreatedOnToolsVersion = 14.2;
					};
				};
			};
			buildConfigurationList = 7A61C87E2983B6DF00427E74 /* Build configuration list for PBXProject "CaZaIt_iOS" */;
			compatibilityVersion = "Xcode 14.0";
			developmentRegion = en;
			hasScannedForEncodings = 0;
			knownRegions = (
				en,
				Base,
			);
			mainGroup = 7A61C87A2983B6DF00427E74;
			productRefGroup = 7A61C8842983B6DF00427E74 /* Products */;
			projectDirPath = "";
			projectRoot = "";
			targets = (
				7A61C8822983B6DF00427E74 /* CaZaIt_iOS */,
			);
		};
/* End PBXProject section */

/* Begin PBXResourcesBuildPhase section */
		7A61C8812983B6DF00427E74 /* Resources */ = {
			isa = PBXResourcesBuildPhase;
			buildActionMask = 2147483647;
			files = (
				7A61C8932983B6E000427E74 /* LaunchScreen.storyboard in Resources */,
				7A61C8902983B6E000427E74 /* Assets.xcassets in Resources */,
			);
			runOnlyForDeploymentPostprocessing = 0;
		};
/* End PBXResourcesBuildPhase section */

/* Begin PBXShellScriptBuildPhase section */
		1A4B9C1E5664C879A6157A71 /* [CP] Check Pods Manifest.lock */ = {
			isa = PBXShellScriptBuildPhase;
			buildActionMask = 2147483647;
			files = (
			);
			inputFileListPaths = (
			);
			inputPaths = (
				"${PODS_PODFILE_DIR_PATH}/Podfile.lock",
				"${PODS_ROOT}/Manifest.lock",
			);
			name = "[CP] Check Pods Manifest.lock";
			outputFileListPaths = (
			);
			outputPaths = (
				"$(DERIVED_FILE_DIR)/Pods-CaZaIt_iOS-checkManifestLockResult.txt",
			);
			runOnlyForDeploymentPostprocessing = 0;
			shellPath = /bin/sh;
			shellScript = "diff \"${PODS_PODFILE_DIR_PATH}/Podfile.lock\" \"${PODS_ROOT}/Manifest.lock\" > /dev/null\nif [ $? != 0 ] ; then\n    # print error to STDERR\n    echo \"error: The sandbox is not in sync with the Podfile.lock. Run 'pod install' or update your CocoaPods installation.\" >&2\n    exit 1\nfi\n# This output is used by Xcode 'outputs' to avoid re-running this script phase.\necho \"SUCCESS\" > \"${SCRIPT_OUTPUT_FILE_0}\"\n";
			showEnvVarsInLog = 0;
		};
		55444409528979495BDE8403 /* [CP] Embed Pods Frameworks */ = {
			isa = PBXShellScriptBuildPhase;
			buildActionMask = 2147483647;
			files = (
			);
			inputFileListPaths = (
				"${PODS_ROOT}/Target Support Files/Pods-CaZaIt_iOS/Pods-CaZaIt_iOS-frameworks-${CONFIGURATION}-input-files.xcfilelist",
			);
			name = "[CP] Embed Pods Frameworks";
			outputFileListPaths = (
				"${PODS_ROOT}/Target Support Files/Pods-CaZaIt_iOS/Pods-CaZaIt_iOS-frameworks-${CONFIGURATION}-output-files.xcfilelist",
			);
			runOnlyForDeploymentPostprocessing = 0;
			shellPath = /bin/sh;
			shellScript = "\"${PODS_ROOT}/Target Support Files/Pods-CaZaIt_iOS/Pods-CaZaIt_iOS-frameworks.sh\"\n";
			showEnvVarsInLog = 0;
		};
/* End PBXShellScriptBuildPhase section */

/* Begin PBXSourcesBuildPhase section */
		7A61C87F2983B6DF00427E74 /* Sources */ = {
			isa = PBXSourcesBuildPhase;
			buildActionMask = 2147483647;
			files = (
				7AF4349629890C5E0057EE52 /* favoritesCustomCafeView.swift in Sources */,
				7AF4349429890C4E0057EE52 /* favoritesBottomView.swift in Sources */,
				7AF4349229890C320057EE52 /* favoritesTopView.swift in Sources */,
				015627262992650C00D038D4 /* APIContants.swift in Sources */,
				015626AB2983D9BC00D038D4 /* UITextField+Extenstion.swift in Sources */,
				7A5BC92429EA880300BBC3B3 /* LastestViewController.swift in Sources */,
				0156269C2983D87C00D038D4 /* bottomView.swift in Sources */,
				7A5BC92629EA882100BBC3B3 /* LastestcustomCafeView.swift in Sources */,
				015626A02983D8C800D038D4 /* customcafeView.swift in Sources */,
				7A61C8872983B6DF00427E74 /* AppDelegate.swift in Sources */,
				015626982983D81B00D038D4 /* MainViewController.swift in Sources */,
				015626AD2983D9DB00D038D4 /* topView.swift in Sources */,
				0156271F2992650C00D038D4 /* NetworkResult.swift in Sources */,
				7A5BC92229EA87F000BBC3B3 /* collectionviewCell.swift in Sources */,
				7A61C8892983B6DF00427E74 /* SceneDelegate.swift in Sources */,
				015626862983CF2E00D038D4 /* UIColor+Extension.swift in Sources */,
				015626CE2985114300D038D4 /* FavoritesViewController.swift in Sources */,
				0156268C2983CF4600D038D4 /* TapBarViewController.swift in Sources */,
				015626882983CF3500D038D4 /* InsetTextField.swift in Sources */,
			);
			runOnlyForDeploymentPostprocessing = 0;
		};
/* End PBXSourcesBuildPhase section */

/* Begin PBXVariantGroup section */
		7A61C8912983B6E000427E74 /* LaunchScreen.storyboard */ = {
			isa = PBXVariantGroup;
			children = (
				7A61C8922983B6E000427E74 /* Base */,
			);
			name = LaunchScreen.storyboard;
			sourceTree = "<group>";
		};
/* End PBXVariantGroup section */

/* Begin XCBuildConfiguration section */
		7A61C8952983B6E000427E74 /* Debug */ = {
			isa = XCBuildConfiguration;
			buildSettings = {
				ALWAYS_SEARCH_USER_PATHS = NO;
				CLANG_ANALYZER_NONNULL = YES;
				CLANG_ANALYZER_NUMBER_OBJECT_CONVERSION = YES_AGGRESSIVE;
				CLANG_CXX_LANGUAGE_STANDARD = "gnu++20";
				CLANG_ENABLE_MODULES = YES;
				CLANG_ENABLE_OBJC_ARC = YES;
				CLANG_ENABLE_OBJC_WEAK = YES;
				CLANG_WARN_BLOCK_CAPTURE_AUTORELEASING = YES;
				CLANG_WARN_BOOL_CONVERSION = YES;
				CLANG_WARN_COMMA = YES;
				CLANG_WARN_CONSTANT_CONVERSION = YES;
				CLANG_WARN_DEPRECATED_OBJC_IMPLEMENTATIONS = YES;
				CLANG_WARN_DIRECT_OBJC_ISA_USAGE = YES_ERROR;
				CLANG_WARN_DOCUMENTATION_COMMENTS = YES;
				CLANG_WARN_EMPTY_BODY = YES;
				CLANG_WARN_ENUM_CONVERSION = YES;
				CLANG_WARN_INFINITE_RECURSION = YES;
				CLANG_WARN_INT_CONVERSION = YES;
				CLANG_WARN_NON_LITERAL_NULL_CONVERSION = YES;
				CLANG_WARN_OBJC_IMPLICIT_RETAIN_SELF = YES;
				CLANG_WARN_OBJC_LITERAL_CONVERSION = YES;
				CLANG_WARN_OBJC_ROOT_CLASS = YES_ERROR;
				CLANG_WARN_QUOTED_INCLUDE_IN_FRAMEWORK_HEADER = YES;
				CLANG_WARN_RANGE_LOOP_ANALYSIS = YES;
				CLANG_WARN_STRICT_PROTOTYPES = YES;
				CLANG_WARN_SUSPICIOUS_MOVE = YES;
				CLANG_WARN_UNGUARDED_AVAILABILITY = YES_AGGRESSIVE;
				CLANG_WARN_UNREACHABLE_CODE = YES;
				CLANG_WARN__DUPLICATE_METHOD_MATCH = YES;
				COPY_PHASE_STRIP = NO;
				DEBUG_INFORMATION_FORMAT = dwarf;
				ENABLE_STRICT_OBJC_MSGSEND = YES;
				ENABLE_TESTABILITY = YES;
				GCC_C_LANGUAGE_STANDARD = gnu11;
				GCC_DYNAMIC_NO_PIC = NO;
				GCC_NO_COMMON_BLOCKS = YES;
				GCC_OPTIMIZATION_LEVEL = 0;
				GCC_PREPROCESSOR_DEFINITIONS = (
					"DEBUG=1",
					"$(inherited)",
				);
				GCC_WARN_64_TO_32_BIT_CONVERSION = YES;
				GCC_WARN_ABOUT_RETURN_TYPE = YES_ERROR;
				GCC_WARN_UNDECLARED_SELECTOR = YES;
				GCC_WARN_UNINITIALIZED_AUTOS = YES_AGGRESSIVE;
				GCC_WARN_UNUSED_FUNCTION = YES;
				GCC_WARN_UNUSED_VARIABLE = YES;
				IPHONEOS_DEPLOYMENT_TARGET = 16.2;
				MTL_ENABLE_DEBUG_INFO = INCLUDE_SOURCE;
				MTL_FAST_MATH = YES;
				ONLY_ACTIVE_ARCH = YES;
				SDKROOT = iphoneos;
				SWIFT_ACTIVE_COMPILATION_CONDITIONS = DEBUG;
				SWIFT_OPTIMIZATION_LEVEL = "-Onone";
			};
			name = Debug;
		};
		7A61C8962983B6E000427E74 /* Release */ = {
			isa = XCBuildConfiguration;
			buildSettings = {
				ALWAYS_SEARCH_USER_PATHS = NO;
				CLANG_ANALYZER_NONNULL = YES;
				CLANG_ANALYZER_NUMBER_OBJECT_CONVERSION = YES_AGGRESSIVE;
				CLANG_CXX_LANGUAGE_STANDARD = "gnu++20";
				CLANG_ENABLE_MODULES = YES;
				CLANG_ENABLE_OBJC_ARC = YES;
				CLANG_ENABLE_OBJC_WEAK = YES;
				CLANG_WARN_BLOCK_CAPTURE_AUTORELEASING = YES;
				CLANG_WARN_BOOL_CONVERSION = YES;
				CLANG_WARN_COMMA = YES;
				CLANG_WARN_CONSTANT_CONVERSION = YES;
				CLANG_WARN_DEPRECATED_OBJC_IMPLEMENTATIONS = YES;
				CLANG_WARN_DIRECT_OBJC_ISA_USAGE = YES_ERROR;
				CLANG_WARN_DOCUMENTATION_COMMENTS = YES;
				CLANG_WARN_EMPTY_BODY = YES;
				CLANG_WARN_ENUM_CONVERSION = YES;
				CLANG_WARN_INFINITE_RECURSION = YES;
				CLANG_WARN_INT_CONVERSION = YES;
				CLANG_WARN_NON_LITERAL_NULL_CONVERSION = YES;
				CLANG_WARN_OBJC_IMPLICIT_RETAIN_SELF = YES;
				CLANG_WARN_OBJC_LITERAL_CONVERSION = YES;
				CLANG_WARN_OBJC_ROOT_CLASS = YES_ERROR;
				CLANG_WARN_QUOTED_INCLUDE_IN_FRAMEWORK_HEADER = YES;
				CLANG_WARN_RANGE_LOOP_ANALYSIS = YES;
				CLANG_WARN_STRICT_PROTOTYPES = YES;
				CLANG_WARN_SUSPICIOUS_MOVE = YES;
				CLANG_WARN_UNGUARDED_AVAILABILITY = YES_AGGRESSIVE;
				CLANG_WARN_UNREACHABLE_CODE = YES;
				CLANG_WARN__DUPLICATE_METHOD_MATCH = YES;
				COPY_PHASE_STRIP = NO;
				DEBUG_INFORMATION_FORMAT = "dwarf-with-dsym";
				ENABLE_NS_ASSERTIONS = NO;
				ENABLE_STRICT_OBJC_MSGSEND = YES;
				GCC_C_LANGUAGE_STANDARD = gnu11;
				GCC_NO_COMMON_BLOCKS = YES;
				GCC_WARN_64_TO_32_BIT_CONVERSION = YES;
				GCC_WARN_ABOUT_RETURN_TYPE = YES_ERROR;
				GCC_WARN_UNDECLARED_SELECTOR = YES;
				GCC_WARN_UNINITIALIZED_AUTOS = YES_AGGRESSIVE;
				GCC_WARN_UNUSED_FUNCTION = YES;
				GCC_WARN_UNUSED_VARIABLE = YES;
				IPHONEOS_DEPLOYMENT_TARGET = 16.2;
				MTL_ENABLE_DEBUG_INFO = NO;
				MTL_FAST_MATH = YES;
				SDKROOT = iphoneos;
				SWIFT_COMPILATION_MODE = wholemodule;
				SWIFT_OPTIMIZATION_LEVEL = "-O";
				VALIDATE_PRODUCT = YES;
			};
			name = Release;
		};
		7A61C8982983B6E000427E74 /* Debug */ = {
			isa = XCBuildConfiguration;
			baseConfigurationReference = 197D9EBB48678D619D0ACF46 /* Pods-CaZaIt_iOS.debug.xcconfig */;
			buildSettings = {
				ASSETCATALOG_COMPILER_APPICON_NAME = AppIcon;
				ASSETCATALOG_COMPILER_GLOBAL_ACCENT_COLOR_NAME = AccentColor;
				CODE_SIGN_STYLE = Automatic;
				CURRENT_PROJECT_VERSION = 1;
				DEVELOPMENT_TEAM = Y7V766KDKR;
				GENERATE_INFOPLIST_FILE = YES;
				INFOPLIST_FILE = CaZaIt_iOS/Info.plist;
				INFOPLIST_KEY_UIApplicationSupportsIndirectInputEvents = YES;
				INFOPLIST_KEY_UILaunchStoryboardName = LaunchScreen;
				INFOPLIST_KEY_UISupportedInterfaceOrientations_iPad = "UIInterfaceOrientationPortrait UIInterfaceOrientationPortraitUpsideDown UIInterfaceOrientationLandscapeLeft UIInterfaceOrientationLandscapeRight";
				INFOPLIST_KEY_UISupportedInterfaceOrientations_iPhone = "UIInterfaceOrientationPortrait UIInterfaceOrientationLandscapeLeft UIInterfaceOrientationLandscapeRight";
				LD_RUNPATH_SEARCH_PATHS = (
					"$(inherited)",
					"@executable_path/Frameworks",
				);
				MARKETING_VERSION = 1.0;
				PRODUCT_BUNDLE_IDENTIFIER = "com.Heize.CaZaIt-iOS";
				PRODUCT_NAME = "$(TARGET_NAME)";
				SWIFT_EMIT_LOC_STRINGS = YES;
				SWIFT_VERSION = 5.0;
				TARGETED_DEVICE_FAMILY = "1,2";
			};
			name = Debug;
		};
		7A61C8992983B6E000427E74 /* Release */ = {
			isa = XCBuildConfiguration;
			baseConfigurationReference = B428245C2032238792CB2EF4 /* Pods-CaZaIt_iOS.release.xcconfig */;
			buildSettings = {
				ASSETCATALOG_COMPILER_APPICON_NAME = AppIcon;
				ASSETCATALOG_COMPILER_GLOBAL_ACCENT_COLOR_NAME = AccentColor;
				CODE_SIGN_STYLE = Automatic;
				CURRENT_PROJECT_VERSION = 1;
				DEVELOPMENT_TEAM = Y7V766KDKR;
				GENERATE_INFOPLIST_FILE = YES;
				INFOPLIST_FILE = CaZaIt_iOS/Info.plist;
				INFOPLIST_KEY_UIApplicationSupportsIndirectInputEvents = YES;
				INFOPLIST_KEY_UILaunchStoryboardName = LaunchScreen;
				INFOPLIST_KEY_UISupportedInterfaceOrientations_iPad = "UIInterfaceOrientationPortrait UIInterfaceOrientationPortraitUpsideDown UIInterfaceOrientationLandscapeLeft UIInterfaceOrientationLandscapeRight";
				INFOPLIST_KEY_UISupportedInterfaceOrientations_iPhone = "UIInterfaceOrientationPortrait UIInterfaceOrientationLandscapeLeft UIInterfaceOrientationLandscapeRight";
				LD_RUNPATH_SEARCH_PATHS = (
					"$(inherited)",
					"@executable_path/Frameworks",
				);
				MARKETING_VERSION = 1.0;
				PRODUCT_BUNDLE_IDENTIFIER = "com.Heize.CaZaIt-iOS";
				PRODUCT_NAME = "$(TARGET_NAME)";
				SWIFT_EMIT_LOC_STRINGS = YES;
				SWIFT_VERSION = 5.0;
				TARGETED_DEVICE_FAMILY = "1,2";
			};
			name = Release;
		};
/* End XCBuildConfiguration section */

/* Begin XCConfigurationList section */
		7A61C87E2983B6DF00427E74 /* Build configuration list for PBXProject "CaZaIt_iOS" */ = {
			isa = XCConfigurationList;
			buildConfigurations = (
				7A61C8952983B6E000427E74 /* Debug */,
				7A61C8962983B6E000427E74 /* Release */,
			);
			defaultConfigurationIsVisible = 0;
			defaultConfigurationName = Release;
		};
		7A61C8972983B6E000427E74 /* Build configuration list for PBXNativeTarget "CaZaIt_iOS" */ = {
			isa = XCConfigurationList;
			buildConfigurations = (
				7A61C8982983B6E000427E74 /* Debug */,
				7A61C8992983B6E000427E74 /* Release */,
			);
			defaultConfigurationIsVisible = 0;
			defaultConfigurationName = Release;
		};
/* End XCConfigurationList section */
	};
	rootObject = 7A61C87B2983B6DF00427E74 /* Project object */;
}
